
Microsoft Visual Studio Solution File, Format Version 12.00
# Visual Studio Version 17
VisualStudioVersion = 17.4.33213.308
MinimumVisualStudioVersion = 10.0.40219.1
Project("{FAE04EC0-301F-11D3-BF4B-00C04F79EFBC}") = "ChristmasCatt_Protector", "ChristmasCatt_Protector\ChristmasCatt_Protector.csproj", "{CFBFB98D-3B46-47DD-8612-857AF6C44D33}"
EndProject
Global
	GlobalSection(SolutionConfigurationPlatforms) = preSolution
		Debug|Any CPU = Debug|Any CPU
		Release|Any CPU = Release|Any CPU
	EndGlobalSection
	GlobalSection(ProjectConfigurationPlatforms) = postSolution
		{CFBFB98D-3B46-47DD-8612-857AF6C44D33}.Debug|Any CPU.ActiveCfg = Debug|Any CPU
		{CFBFB98D-3B46-47DD-8612-857AF6C44D33}.Debug|Any CPU.Build.0 = Debug|Any CPU
		{CFBFB98D-3B46-47DD-8612-857AF6C44D33}.Release|Any CPU.ActiveCfg = Release|Any CPU
		{CFBFB98D-3B46-47DD-8612-857AF6C44D33}.Release|Any CPU.Build.0 = Release|Any CPU
	EndGlobalSection
	GlobalSection(SolutionProperties) = preSolution
		HideSolutionNode = FALSE
	EndGlobalSection
	GlobalSection(ExtensibilityGlobals) = postSolution
		SolutionGuid = {C1F9FA52-3A3E-46E1-B221-7538930663A6}
	EndGlobalSection
EndGlobal
